
Microsoft Visual Studio Solution File, Format Version 12.00
# Visual Studio Version 17
VisualStudioVersion = 17.2.32516.85
MinimumVisualStudioVersion = 10.0.40219.1
Project("{FAE04EC0-301F-11D3-BF4B-00C04F79EFBC}") = "MVVMplusDazy", "MVVMplusDazy\MVVMplusDazy.csproj", "{770E3711-21FB-4ECC-8D86-D354424C46E6}"
EndProject
Global
	GlobalSection(SolutionConfigurationPlatforms) = preSolution
		Debug|Any CPU = Debug|Any CPU
		Release|Any CPU = Release|Any CPU
	EndGlobalSection
	GlobalSection(ProjectConfigurationPlatforms) = postSolution
		{770E3711-21FB-4ECC-8D86-D354424C46E6}.Debug|Any CPU.ActiveCfg = Debug|Any CPU
		{770E3711-21FB-4ECC-8D86-D354424C46E6}.Debug|Any CPU.Build.0 = Debug|Any CPU
		{770E3711-21FB-4ECC-8D86-D354424C46E6}.Release|Any CPU.ActiveCfg = Release|Any CPU
		{770E3711-21FB-4ECC-8D86-D354424C46E6}.Release|Any CPU.Build.0 = Release|Any CPU
	EndGlobalSection
	GlobalSection(SolutionProperties) = preSolution
		HideSolutionNode = FALSE
	EndGlobalSection
	GlobalSection(ExtensibilityGlobals) = postSolution
		SolutionGuid = {25B2CCE0-3966-416A-BE8D-262C91CB81AF}
	EndGlobalSection
EndGlobal
